// !$*UTF8*$!
{
	archiveVersion = 1;
	classes = {
	};
	objectVersion = 50;
	objects = {

/* Begin PBXBuildFile section */
		392DCE7E220A6E38006B42BF /* AppDelegate.swift in Sources */ = {isa = PBXBuildFile; fileRef = 392DCE7D220A6E38006B42BF /* AppDelegate.swift */; };
		392DCE80220A6E38006B42BF /* ViewController.swift in Sources */ = {isa = PBXBuildFile; fileRef = 392DCE7F220A6E38006B42BF /* ViewController.swift */; };
		392DCE83220A6E38006B42BF /* Main.storyboard in Resources */ = {isa = PBXBuildFile; fileRef = 392DCE81220A6E38006B42BF /* Main.storyboard */; };
		392DCE86220A6E38006B42BF /* coreMLSample1.xcdatamodeld in Sources */ = {isa = PBXBuildFile; fileRef = 392DCE84220A6E38006B42BF /* coreMLSample1.xcdatamodeld */; };
		392DCE88220A6E3A006B42BF /* Assets.xcassets in Resources */ = {isa = PBXBuildFile; fileRef = 392DCE87220A6E3A006B42BF /* Assets.xcassets */; };
		392DCE8B220A6E3A006B42BF /* LaunchScreen.storyboard in Resources */ = {isa = PBXBuildFile; fileRef = 392DCE89220A6E3A006B42BF /* LaunchScreen.storyboard */; };
		392DCE96220A6E3A006B42BF /* coreMLSample1Tests.swift in Sources */ = {isa = PBXBuildFile; fileRef = 392DCE95220A6E3A006B42BF /* coreMLSample1Tests.swift */; };
		392DCEA1220A6E3A006B42BF /* coreMLSample1UITests.swift in Sources */ = {isa = PBXBuildFile; fileRef = 392DCEA0220A6E3A006B42BF /* coreMLSample1UITests.swift */; };
		392DCEAF220A8F8F006B42BF /* Inceptionv3.mlmodel in Sources */ = {isa = PBXBuildFile; fileRef = 392DCEAE220A8F8F006B42BF /* Inceptionv3.mlmodel */; };
		39945B6E220F3241008456CD /* DetailViewController.swift in Sources */ = {isa = PBXBuildFile; fileRef = 39945B6D220F3241008456CD /* DetailViewController.swift */; };
/* End PBXBuildFile section */

/* Begin PBXContainerItemProxy section */
		392DCE92220A6E3A006B42BF /* PBXContainerItemProxy */ = {
			isa = PBXContainerItemProxy;
			containerPortal = 392DCE72220A6E38006B42BF /* Project object */;
			proxyType = 1;
			remoteGlobalIDString = 392DCE79220A6E38006B42BF;
			remoteInfo = coreMLSample1;
		};
		392DCE9D220A6E3A006B42BF /* PBXContainerItemProxy */ = {
			isa = PBXContainerItemProxy;
			containerPortal = 392DCE72220A6E38006B42BF /* Project object */;
			proxyType = 1;
			remoteGlobalIDString = 392DCE79220A6E38006B42BF;
			remoteInfo = coreMLSample1;
		};
/* End PBXContainerItemProxy section */

/* Begin PBXFileReference section */
		392DCE7A220A6E38006B42BF /* coreMLSample1.app */ = {isa = PBXFileReference; explicitFileType = wrapper.application; includeInIndex = 0; path = coreMLSample1.app; sourceTree = BUILT_PRODUCTS_DIR; };
		392DCE7D220A6E38006B42BF /* AppDelegate.swift */ = {isa = PBXFileReference; lastKnownFileType = sourcecode.swift; path = AppDelegate.swift; sourceTree = "<group>"; };
		392DCE7F220A6E38006B42BF /* ViewController.swift */ = {isa = PBXFileReference; lastKnownFileType = sourcecode.swift; path = ViewController.swift; sourceTree = "<group>"; };
		392DCE82220A6E38006B42BF /* Base */ = {isa = PBXFileReference; lastKnownFileType = file.storyboard; name = Base; path = Base.lproj/Main.storyboard; sourceTree = "<group>"; };
		392DCE85220A6E38006B42BF /* coreMLSample1.xcdatamodel */ = {isa = PBXFileReference; lastKnownFileType = wrapper.xcdatamodel; path = coreMLSample1.xcdatamodel; sourceTree = "<group>"; };
		392DCE87220A6E3A006B42BF /* Assets.xcassets */ = {isa = PBXFileReference; lastKnownFileType = folder.assetcatalog; path = Assets.xcassets; sourceTree = "<group>"; };
		392DCE8A220A6E3A006B42BF /* Base */ = {isa = PBXFileReference; lastKnownFileType = file.storyboard; name = Base; path = Base.lproj/LaunchScreen.storyboard; sourceTree = "<group>"; };
		392DCE8C220A6E3A006B42BF /* Info.plist */ = {isa = PBXFileReference; lastKnownFileType = text.plist.xml; path = Info.plist; sourceTree = "<group>"; };
		392DCE91220A6E3A006B42BF /* coreMLSample1Tests.xctest */ = {isa = PBXFileReference; explicitFileType = wrapper.cfbundle; includeInIndex = 0; path = coreMLSample1Tests.xctest; sourceTree = BUILT_PRODUCTS_DIR; };
		392DCE95220A6E3A006B42BF /* coreMLSample1Tests.swift */ = {isa = PBXFileReference; lastKnownFileType = sourcecode.swift; path = coreMLSample1Tests.swift; sourceTree = "<group>"; };
		392DCE97220A6E3A006B42BF /* Info.plist */ = {isa = PBXFileReference; lastKnownFileType = text.plist.xml; path = Info.plist; sourceTree = "<group>"; };
		392DCE9C220A6E3A006B42BF /* coreMLSample1UITests.xctest */ = {isa = PBXFileReference; explicitFileType = wrapper.cfbundle; includeInIndex = 0; path = coreMLSample1UITests.xctest; sourceTree = BUILT_PRODUCTS_DIR; };
		392DCEA0220A6E3A006B42BF /* coreMLSample1UITests.swift */ = {isa = PBXFileReference; lastKnownFileType = sourcecode.swift; path = coreMLSample1UITests.swift; sourceTree = "<group>"; };
		392DCEA2220A6E3A006B42BF /* Info.plist */ = {isa = PBXFileReference; lastKnownFileType = text.plist.xml; path = Info.plist; sourceTree = "<group>"; };
		392DCEAE220A8F8F006B42BF /* Inceptionv3.mlmodel */ = {isa = PBXFileReference; lastKnownFileType = file.mlmodel; path = Inceptionv3.mlmodel; sourceTree = "<group>"; };
		39945B6D220F3241008456CD /* DetailViewController.swift */ = {isa = PBXFileReference; lastKnownFileType = sourcecode.swift; path = DetailViewController.swift; sourceTree = "<group>"; };
/* End PBXFileReference section */

/* Begin PBXFrameworksBuildPhase section */
		392DCE77220A6E38006B42BF /* Frameworks */ = {
			isa = PBXFrameworksBuildPhase;
			buildActionMask = 2147483647;
			files = (
			);
			runOnlyForDeploymentPostprocessing = 0;
		};
		392DCE8E220A6E3A006B42BF /* Frameworks */ = {
			isa = PBXFrameworksBuildPhase;
			buildActionMask = 2147483647;
			files = (
			);
			runOnlyForDeploymentPostprocessing = 0;
		};
		392DCE99220A6E3A006B42BF /* Frameworks */ = {
			isa = PBXFrameworksBuildPhase;
			buildActionMask = 2147483647;
			files = (
			);
			runOnlyForDeploymentPostprocessing = 0;
		};
/* End PBXFrameworksBuildPhase section */

/* Begin PBXGroup section */
		392DCE71220A6E38006B42BF = {
			isa = PBXGroup;
			children = (
				392DCE7C220A6E38006B42BF /* coreMLSample1 */,
				392DCE94220A6E3A006B42BF /* coreMLSample1Tests */,
				392DCE9F220A6E3A006B42BF /* coreMLSample1UITests */,
				392DCE7B220A6E38006B42BF /* Products */,
			);
			sourceTree = "<group>";
		};
		392DCE7B220A6E38006B42BF /* Products */ = {
			isa = PBXGroup;
			children = (
				392DCE7A220A6E38006B42BF /* coreMLSample1.app */,
				392DCE91220A6E3A006B42BF /* coreMLSample1Tests.xctest */,
				392DCE9C220A6E3A006B42BF /* coreMLSample1UITests.xctest */,
			);
			name = Products;
			sourceTree = "<group>";
		};
		392DCE7C220A6E38006B42BF /* coreMLSample1 */ = {
			isa = PBXGroup;
			children = (
				392DCEAE220A8F8F006B42BF /* Inceptionv3.mlmodel */,
				392DCE7D220A6E38006B42BF /* AppDelegate.swift */,
				392DCE7F220A6E38006B42BF /* ViewController.swift */,
				392DCE81220A6E38006B42BF /* Main.storyboard */,
				392DCE87220A6E3A006B42BF /* Assets.xcassets */,
				392DCE89220A6E3A006B42BF /* LaunchScreen.storyboard */,
				392DCE8C220A6E3A006B42BF /* Info.plist */,
				392DCE84220A6E38006B42BF /* coreMLSample1.xcdatamodeld */,
				39945B6D220F3241008456CD /* DetailViewController.swift */,
			);
			path = coreMLSample1;
			sourceTree = "<group>";
		};
		392DCE94220A6E3A006B42BF /* coreMLSample1Tests */ = {
			isa = PBXGroup;
			children = (
				392DCE95220A6E3A006B42BF /* coreMLSample1Tests.swift */,
				392DCE97220A6E3A006B42BF /* Info.plist */,
			);
			path = coreMLSample1Tests;
			sourceTree = "<group>";
		};
		392DCE9F220A6E3A006B42BF /* coreMLSample1UITests */ = {
			isa = PBXGroup;
			children = (
				392DCEA0220A6E3A006B42BF /* coreMLSample1UITests.swift */,
				392DCEA2220A6E3A006B42BF /* Info.plist */,
			);
			path = coreMLSample1UITests;
			sourceTree = "<group>";
		};
/* End PBXGroup section */

/* Begin PBXNativeTarget section */
		392DCE79220A6E38006B42BF /* coreMLSample1 */ = {
			isa = PBXNativeTarget;
			buildConfigurationList = 392DCEA5220A6E3A006B42BF /* Build configuration list for PBXNativeTarget "coreMLSample1" */;
			buildPhases = (
				392DCE76220A6E38006B42BF /* Sources */,
				392DCE77220A6E38006B42BF /* Frameworks */,
				392DCE78220A6E38006B42BF /* Resources */,
			);
			buildRules = (
			);
			dependencies = (
			);
			name = coreMLSample1;
			productName = coreMLSample1;
			productReference = 392DCE7A220A6E38006B42BF /* coreMLSample1.app */;
			productType = "com.apple.product-type.application";
		};
		392DCE90220A6E3A006B42BF /* coreMLSample1Tests */ = {
			isa = PBXNativeTarget;
			buildConfigurationList = 392DCEA8220A6E3A006B42BF /* Build configuration list for PBXNativeTarget "coreMLSample1Tests" */;
			buildPhases = (
				392DCE8D220A6E3A006B42BF /* Sources */,
				392DCE8E220A6E3A006B42BF /* Frameworks */,
				392DCE8F220A6E3A006B42BF /* Resources */,
			);
			buildRules = (
			);
			dependencies = (
				392DCE93220A6E3A006B42BF /* PBXTargetDependency */,
			);
			name = coreMLSample1Tests;
			productName = coreMLSample1Tests;
			productReference = 392DCE91220A6E3A006B42BF /* coreMLSample1Tests.xctest */;
			productType = "com.apple.product-type.bundle.unit-test";
		};
		392DCE9B220A6E3A006B42BF /* coreMLSample1UITests */ = {
			isa = PBXNativeTarget;
			buildConfigurationList = 392DCEAB220A6E3A006B42BF /* Build configuration list for PBXNativeTarget "coreMLSample1UITests" */;
			buildPhases = (
				392DCE98220A6E3A006B42BF /* Sources */,
				392DCE99220A6E3A006B42BF /* Frameworks */,
				392DCE9A220A6E3A006B42BF /* Resources */,
			);
			buildRules = (
			);
			dependencies = (
				392DCE9E220A6E3A006B42BF /* PBXTargetDependency */,
			);
			name = coreMLSample1UITests;
			productName = coreMLSample1UITests;
			productReference = 392DCE9C220A6E3A006B42BF /* coreMLSample1UITests.xctest */;
			productType = "com.apple.product-type.bundle.ui-testing";
		};
/* End PBXNativeTarget section */

/* Begin PBXProject section */
		392DCE72220A6E38006B42BF /* Project object */ = {
			isa = PBXProject;
			attributes = {
				LastSwiftUpdateCheck = 1010;
				LastUpgradeCheck = 1010;
				ORGANIZATIONNAME = "Naraharisetty, Venkat";
				TargetAttributes = {
					392DCE79220A6E38006B42BF = {
						CreatedOnToolsVersion = 10.1;
					};
					392DCE90220A6E3A006B42BF = {
						CreatedOnToolsVersion = 10.1;
						TestTargetID = 392DCE79220A6E38006B42BF;
					};
					392DCE9B220A6E3A006B42BF = {
						CreatedOnToolsVersion = 10.1;
						TestTargetID = 392DCE79220A6E38006B42BF;
					};
				};
			};
			buildConfigurationList = 392DCE75220A6E38006B42BF /* Build configuration list for PBXProject "coreMLSample1" */;
			compatibilityVersion = "Xcode 9.3";
			developmentRegion = en;
			hasScannedForEncodings = 0;
			knownRegions = (
				en,
				Base,
			);
			mainGroup = 392DCE71220A6E38006B42BF;
			productRefGroup = 392DCE7B220A6E38006B42BF /* Products */;
			projectDirPath = "";
			projectRoot = "";
			targets = (
				392DCE79220A6E38006B42BF /* coreMLSample1 */,
				392DCE90220A6E3A006B42BF /* coreMLSample1Tests */,
				392DCE9B220A6E3A006B42BF /* coreMLSample1UITests */,
			);
		};
/* End PBXProject section */

/* Begin PBXResourcesBuildPhase section */
		392DCE78220A6E38006B42BF /* Resources */ = {
			isa = PBXResourcesBuildPhase;
			buildActionMask = 2147483647;
			files = (
				392DCE8B220A6E3A006B42BF /* LaunchScreen.storyboard in Resources */,
				392DCE88220A6E3A006B42BF /* Assets.xcassets in Resources */,
				392DCE83220A6E38006B42BF /* Main.storyboard in Resources */,
			);
			runOnlyForDeploymentPostprocessing = 0;
		};
		392DCE8F220A6E3A006B42BF /* Resources */ = {
			isa = PBXResourcesBuildPhase;
			buildActionMask = 2147483647;
			files = (
			);
			runOnlyForDeploymentPostprocessing = 0;
		};
		392DCE9A220A6E3A006B42BF /* Resources */ = {
			isa = PBXResourcesBuildPhase;
			buildActionMask = 2147483647;
			files = (
			);
			runOnlyForDeploymentPostprocessing = 0;
		};
/* End PBXResourcesBuildPhase section */

/* Begin PBXSourcesBuildPhase section */
		392DCE76220A6E38006B42BF /* Sources */ = {
			isa = PBXSourcesBuildPhase;
			buildActionMask = 2147483647;
			files = (
				392DCE86220A6E38006B42BF /* coreMLSample1.xcdatamodeld in Sources */,
				392DCEAF220A8F8F006B42BF /* Inceptionv3.mlmodel in Sources */,
				39945B6E220F3241008456CD /* DetailViewController.swift in Sources */,
				392DCE80220A6E38006B42BF /* ViewController.swift in Sources */,
				392DCE7E220A6E38006B42BF /* AppDelegate.swift in Sources */,
			);
			runOnlyForDeploymentPostprocessing = 0;
		};
		392DCE8D220A6E3A006B42BF /* Sources */ = {
			isa = PBXSourcesBuildPhase;
			buildActionMask = 2147483647;
			files = (
				392DCE96220A6E3A006B42BF /* coreMLSample1Tests.swift in Sources */,
			);
			runOnlyForDeploymentPostprocessing = 0;
		};
		392DCE98220A6E3A006B42BF /* Sources */ = {
			isa = PBXSourcesBuildPhase;
			buildActionMask = 2147483647;
			files = (
				392DCEA1220A6E3A006B42BF /* coreMLSample1UITests.swift in Sources */,
			);
			runOnlyForDeploymentPostprocessing = 0;
		};
/* End PBXSourcesBuildPhase section */

/* Begin PBXTargetDependency section */
		392DCE93220A6E3A006B42BF /* PBXTargetDependency */ = {
			isa = PBXTargetDependency;
			target = 392DCE79220A6E38006B42BF /* coreMLSample1 */;
			targetProxy = 392DCE92220A6E3A006B42BF /* PBXContainerItemProxy */;
		};
		392DCE9E220A6E3A006B42BF /* PBXTargetDependency */ = {
			isa = PBXTargetDependency;
			target = 392DCE79220A6E38006B42BF /* coreMLSample1 */;
			targetProxy = 392DCE9D220A6E3A006B42BF /* PBXContainerItemProxy */;
		};
/* End PBXTargetDependency section */

/* Begin PBXVariantGroup section */
		392DCE81220A6E38006B42BF /* Main.storyboard */ = {
			isa = PBXVariantGroup;
			children = (
				392DCE82220A6E38006B42BF /* Base */,
			);
			name = Main.storyboard;
			sourceTree = "<group>";
		};
		392DCE89220A6E3A006B42BF /* LaunchScreen.storyboard */ = {
			isa = PBXVariantGroup;
			children = (
				392DCE8A220A6E3A006B42BF /* Base */,
			);
			name = LaunchScreen.storyboard;
			sourceTree = "<group>";
		};
/* End PBXVariantGroup section */

/* Begin XCBuildConfiguration section */
		392DCEA3220A6E3A006B42BF /* Debug */ = {
			isa = XCBuildConfiguration;
			buildSettings = {
				ALWAYS_SEARCH_USER_PATHS = NO;
				CLANG_ANALYZER_NONNULL = YES;
				CLANG_ANALYZER_NUMBER_OBJECT_CONVERSION = YES_AGGRESSIVE;
				CLANG_CXX_LANGUAGE_STANDARD = "gnu++14";
				CLANG_CXX_LIBRARY = "libc++";
				CLANG_ENABLE_MODULES = YES;
				CLANG_ENABLE_OBJC_ARC = YES;
				CLANG_ENABLE_OBJC_WEAK = YES;
				CLANG_WARN_BLOCK_CAPTURE_AUTORELEASING = YES;
				CLANG_WARN_BOOL_CONVERSION = YES;
				CLANG_WARN_COMMA = YES;
				CLANG_WARN_CONSTANT_CONVERSION = YES;
				CLANG_WARN_DEPRECATED_OBJC_IMPLEMENTATIONS = YES;
				CLANG_WARN_DIRECT_OBJC_ISA_USAGE = YES_ERROR;
				CLANG_WARN_DOCUMENTATION_COMMENTS = YES;
				CLANG_WARN_EMPTY_BODY = YES;
				CLANG_WARN_ENUM_CONVERSION = YES;
				CLANG_WARN_INFINITE_RECURSION = YES;
				CLANG_WARN_INT_CONVERSION = YES;
				CLANG_WARN_NON_LITERAL_NULL_CONVERSION = YES;
				CLANG_WARN_OBJC_IMPLICIT_RETAIN_SELF = YES;
				CLANG_WARN_OBJC_LITERAL_CONVERSION = YES;
				CLANG_WARN_OBJC_ROOT_CLASS = YES_ERROR;
				CLANG_WARN_RANGE_LOOP_ANALYSIS = YES;
				CLANG_WARN_STRICT_PROTOTYPES = YES;
				CLANG_WARN_SUSPICIOUS_MOVE = YES;
				CLANG_WARN_UNGUARDED_AVAILABILITY = YES_AGGRESSIVE;
				CLANG_WARN_UNREACHABLE_CODE = YES;
				CLANG_WARN__DUPLICATE_METHOD_MATCH = YES;
				CODE_SIGN_IDENTITY = "iPhone Developer";
				COPY_PHASE_STRIP = NO;
				DEBUG_INFORMATION_FORMAT = dwarf;
				ENABLE_STRICT_OBJC_MSGSEND = YES;
				ENABLE_TESTABILITY = YES;
				GCC_C_LANGUAGE_STANDARD = gnu11;
				GCC_DYNAMIC_NO_PIC = NO;
				GCC_NO_COMMON_BLOCKS = YES;
				GCC_OPTIMIZATION_LEVEL = 0;
				GCC_PREPROCESSOR_DEFINITIONS = (
					"DEBUG=1",
					"$(inherited)",
				);
				GCC_WARN_64_TO_32_BIT_CONVERSION = YES;
				GCC_WARN_ABOUT_RETURN_TYPE = YES_ERROR;
				GCC_WARN_UNDECLARED_SELECTOR = YES;
				GCC_WARN_UNINITIALIZED_AUTOS = YES_AGGRESSIVE;
				GCC_WARN_UNUSED_FUNCTION = YES;
				GCC_WARN_UNUSED_VARIABLE = YES;
				IPHONEOS_DEPLOYMENT_TARGET = 12.1;
				MTL_ENABLE_DEBUG_INFO = INCLUDE_SOURCE;
				MTL_FAST_MATH = YES;
				ONLY_ACTIVE_ARCH = YES;
				SDKROOT = iphoneos;
				SWIFT_ACTIVE_COMPILATION_CONDITIONS = DEBUG;
				SWIFT_OPTIMIZATION_LEVEL = "-Onone";
			};
			name = Debug;
		};
		392DCEA4220A6E3A006B42BF /* Release */ = {
			isa = XCBuildConfiguration;
			buildSettings = {
				ALWAYS_SEARCH_USER_PATHS = NO;
				CLANG_ANALYZER_NONNULL = YES;
				CLANG_ANALYZER_NUMBER_OBJECT_CONVERSION = YES_AGGRESSIVE;
				CLANG_CXX_LANGUAGE_STANDARD = "gnu++14";
				CLANG_CXX_LIBRARY = "libc++";
				CLANG_ENABLE_MODULES = YES;
				CLANG_ENABLE_OBJC_ARC = YES;
				CLANG_ENABLE_OBJC_WEAK = YES;
				CLANG_WARN_BLOCK_CAPTURE_AUTORELEASING = YES;
				CLANG_WARN_BOOL_CONVERSION = YES;
				CLANG_WARN_COMMA = YES;
				CLANG_WARN_CONSTANT_CONVERSION = YES;
				CLANG_WARN_DEPRECATED_OBJC_IMPLEMENTATIONS = YES;
				CLANG_WARN_DIRECT_OBJC_ISA_USAGE = YES_ERROR;
				CLANG_WARN_DOCUMENTATION_COMMENTS = YES;
				CLANG_WARN_EMPTY_BODY = YES;
				CLANG_WARN_ENUM_CONVERSION = YES;
				CLANG_WARN_INFINITE_RECURSION = YES;
				CLANG_WARN_INT_CONVERSION = YES;
				CLANG_WARN_NON_LITERAL_NULL_CONVERSION = YES;
				CLANG_WARN_OBJC_IMPLICIT_RETAIN_SELF = YES;
				CLANG_WARN_OBJC_LITERAL_CONVERSION = YES;
				CLANG_WARN_OBJC_ROOT_CLASS = YES_ERROR;
				CLANG_WARN_RANGE_LOOP_ANALYSIS = YES;
				CLANG_WARN_STRICT_PROTOTYPES = YES;
				CLANG_WARN_SUSPICIOUS_MOVE = YES;
				CLANG_WARN_UNGUARDED_AVAILABILITY = YES_AGGRESSIVE;
				CLANG_WARN_UNREACHABLE_CODE = YES;
				CLANG_WARN__DUPLICATE_METHOD_MATCH = YES;
				CODE_SIGN_IDENTITY = "iPhone Developer";
				COPY_PHASE_STRIP = NO;
				DEBUG_INFORMATION_FORMAT = "dwarf-with-dsym";
				ENABLE_NS_ASSERTIONS = NO;
				ENABLE_STRICT_OBJC_MSGSEND = YES;
				GCC_C_LANGUAGE_STANDARD = gnu11;
				GCC_NO_COMMON_BLOCKS = YES;
				GCC_WARN_64_TO_32_BIT_CONVERSION = YES;
				GCC_WARN_ABOUT_RETURN_TYPE = YES_ERROR;
				GCC_WARN_UNDECLARED_SELECTOR = YES;
				GCC_WARN_UNINITIALIZED_AUTOS = YES_AGGRESSIVE;
				GCC_WARN_UNUSED_FUNCTION = YES;
				GCC_WARN_UNUSED_VARIABLE = YES;
				IPHONEOS_DEPLOYMENT_TARGET = 12.1;
				MTL_ENABLE_DEBUG_INFO = NO;
				MTL_FAST_MATH = YES;
				SDKROOT = iphoneos;
				SWIFT_COMPILATION_MODE = wholemodule;
				SWIFT_OPTIMIZATION_LEVEL = "-O";
				VALIDATE_PRODUCT = YES;
			};
			name = Release;
		};
		392DCEA6220A6E3A006B42BF /* Debug */ = {
			isa = XCBuildConfiguration;
			buildSettings = {
				ASSETCATALOG_COMPILER_APPICON_NAME = AppIcon;
				CODE_SIGN_STYLE = Automatic;
				DEVELOPMENT_TEAM = UXA2APCK9D;
				INFOPLIST_FILE = coreMLSample1/Info.plist;
				LD_RUNPATH_SEARCH_PATHS = (
					"$(inherited)",
					"@executable_path/Frameworks",
				);
				PRODUCT_BUNDLE_IDENTIFIER = com.venkat.com.coreMLSample1;
				PRODUCT_NAME = "$(TARGET_NAME)";
				SWIFT_VERSION = 4.2;
				TARGETED_DEVICE_FAMILY = "1,2";
			};
			name = Debug;
		};
		392DCEA7220A6E3A006B42BF /* Release */ = {
			isa = XCBuildConfiguration;
			buildSettings = {
				ASSETCATALOG_COMPILER_APPICON_NAME = AppIcon;
				CODE_SIGN_STYLE = Automatic;
				DEVELOPMENT_TEAM = UXA2APCK9D;
				INFOPLIST_FILE = coreMLSample1/Info.plist;
				LD_RUNPATH_SEARCH_PATHS = (
					"$(inherited)",
					"@executable_path/Frameworks",
				);
				PRODUCT_BUNDLE_IDENTIFIER = com.venkat.com.coreMLSample1;
				PRODUCT_NAME = "$(TARGET_NAME)";
				SWIFT_VERSION = 4.2;
				TARGETED_DEVICE_FAMILY = "1,2";
			};
			name = Release;
		};
		392DCEA9220A6E3A006B42BF /* Debug */ = {
			isa = XCBuildConfiguration;
			buildSettings = {
				ALWAYS_EMBED_SWIFT_STANDARD_LIBRARIES = YES;
				BUNDLE_LOADER = "$(TEST_HOST)";
				CODE_SIGN_STYLE = Automatic;
				INFOPLIST_FILE = coreMLSample1Tests/Info.plist;
				LD_RUNPATH_SEARCH_PATHS = (
					"$(inherited)",
					"@executable_path/Frameworks",
					"@loader_path/Frameworks",
				);
				PRODUCT_BUNDLE_IDENTIFIER = com.venkat.com.coreMLSample1Tests;
				PRODUCT_NAME = "$(TARGET_NAME)";
				SWIFT_VERSION = 4.2;
				TARGETED_DEVICE_FAMILY = "1,2";
				TEST_HOST = "$(BUILT_PRODUCTS_DIR)/coreMLSample1.app/coreMLSample1";
			};
			name = Debug;
		};
		392DCEAA220A6E3A006B42BF /* Release */ = {
			isa = XCBuildConfiguration;
			buildSettings = {
				ALWAYS_EMBED_SWIFT_STANDARD_LIBRARIES = YES;
				BUNDLE_LOADER = "$(TEST_HOST)";
				CODE_SIGN_STYLE = Automatic;
				INFOPLIST_FILE = coreMLSample1Tests/Info.plist;
				LD_RUNPATH_SEARCH_PATHS = (
					"$(inherited)",
					"@executable_path/Frameworks",
					"@loader_path/Frameworks",
				);
				PRODUCT_BUNDLE_IDENTIFIER = com.venkat.com.coreMLSample1Tests;
				PRODUCT_NAME = "$(TARGET_NAME)";
				SWIFT_VERSION = 4.2;
				TARGETED_DEVICE_FAMILY = "1,2";
				TEST_HOST = "$(BUILT_PRODUCTS_DIR)/coreMLSample1.app/coreMLSample1";
			};
			name = Release;
		};
		392DCEAC220A6E3A006B42BF /* Debug */ = {
			isa = XCBuildConfiguration;
			buildSettings = {
				ALWAYS_EMBED_SWIFT_STANDARD_LIBRARIES = YES;
				CODE_SIGN_STYLE = Automatic;
				INFOPLIST_FILE = coreMLSample1UITests/Info.plist;
				LD_RUNPATH_SEARCH_PATHS = (
					"$(inherited)",
					"@executable_path/Frameworks",
					"@loader_path/Frameworks",
				);
				PRODUCT_BUNDLE_IDENTIFIER = com.venkat.com.coreMLSample1UITests;
				PRODUCT_NAME = "$(TARGET_NAME)";
				SWIFT_VERSION = 4.2;
				TARGETED_DEVICE_FAMILY = "1,2";
				TEST_TARGET_NAME = coreMLSample1;
			};
			name = Debug;
		};
		392DCEAD220A6E3A006B42BF /* Release */ = {
			isa = XCBuildConfiguration;
			buildSettings = {
				ALWAYS_EMBED_SWIFT_STANDARD_LIBRARIES = YES;
				CODE_SIGN_STYLE = Automatic;
				INFOPLIST_FILE = coreMLSample1UITests/Info.plist;
				LD_RUNPATH_SEARCH_PATHS = (
					"$(inherited)",
					"@executable_path/Frameworks",
					"@loader_path/Frameworks",
				);
				PRODUCT_BUNDLE_IDENTIFIER = com.venkat.com.coreMLSample1UITests;
				PRODUCT_NAME = "$(TARGET_NAME)";
				SWIFT_VERSION = 4.2;
				TARGETED_DEVICE_FAMILY = "1,2";
				TEST_TARGET_NAME = coreMLSample1;
			};
			name = Release;
		};
/* End XCBuildConfiguration section */

/* Begin XCConfigurationList section */
		392DCE75220A6E38006B42BF /* Build configuration list for PBXProject "coreMLSample1" */ = {
			isa = XCConfigurationList;
			buildConfigurations = (
				392DCEA3220A6E3A006B42BF /* Debug */,
				392DCEA4220A6E3A006B42BF /* Release */,
			);
			defaultConfigurationIsVisible = 0;
			defaultConfigurationName = Release;
		};
		392DCEA5220A6E3A006B42BF /* Build configuration list for PBXNativeTarget "coreMLSample1" */ = {
			isa = XCConfigurationList;
			buildConfigurations = (
				392DCEA6220A6E3A006B42BF /* Debug */,
				392DCEA7220A6E3A006B42BF /* Release */,
			);
			defaultConfigurationIsVisible = 0;
			defaultConfigurationName = Release;
		};
		392DCEA8220A6E3A006B42BF /* Build configuration list for PBXNativeTarget "coreMLSample1Tests" */ = {
			isa = XCConfigurationList;
			buildConfigurations = (
				392DCEA9220A6E3A006B42BF /* Debug */,
				392DCEAA220A6E3A006B42BF /* Release */,
			);
			defaultConfigurationIsVisible = 0;
			defaultConfigurationName = Release;
		};
		392DCEAB220A6E3A006B42BF /* Build configuration list for PBXNativeTarget "coreMLSample1UITests" */ = {
			isa = XCConfigurationList;
			buildConfigurations = (
				392DCEAC220A6E3A006B42BF /* Debug */,
				392DCEAD220A6E3A006B42BF /* Release */,
			);
			defaultConfigurationIsVisible = 0;
			defaultConfigurationName = Release;
		};
/* End XCConfigurationList section */

/* Begin XCVersionGroup section */
		392DCE84220A6E38006B42BF /* coreMLSample1.xcdatamodeld */ = {
			isa = XCVersionGroup;
			children = (
				392DCE85220A6E38006B42BF /* coreMLSample1.xcdatamodel */,
			);
			currentVersion = 392DCE85220A6E38006B42BF /* coreMLSample1.xcdatamodel */;
			path = coreMLSample1.xcdatamodeld;
			sourceTree = "<group>";
			versionGroupType = wrapper.xcdatamodel;
		};
/* End XCVersionGroup section */
	};
	rootObject = 392DCE72220A6E38006B42BF /* Project object */;
}
